
Microsoft Visual Studio Solution File, Format Version 12.00
# Visual Studio Version 16
VisualStudioVersion = 16.0.30128.74
MinimumVisualStudioVersion = 10.0.40219.1
Project("{9A19103F-16F7-4668-BE54-9A1E7A4F7556}") = "LoadBalancer", "LoadBalancer.csproj", "{F866E59C-86BA-48C3-9DE1-8344DA784E67}"
EndProject
Project("{9A19103F-16F7-4668-BE54-9A1E7A4F7556}") = "DataAccessLibrary", "..\DataAccessLibrary\DataAccessLibrary.csproj", "{05118BB8-038E-4E2D-9B11-B215214B3850}"
EndProject
Project("{9A19103F-16F7-4668-BE54-9A1E7A4F7556}") = "AlgorithmLibrary", "..\AlgorithmLibrary\AlgorithmLibrary.csproj", "{3B1DC4E3-46F3-4699-B2CF-98079B34E828}"
EndProject
Project("{FAE04EC0-301F-11D3-BF4B-00C04F79EFBC}") = "ClassLibrary1", "ClassLibrary1\ClassLibrary1.csproj", "{419E4E92-525F-404C-AECA-D5A5BAA406A5}"
EndProject
Global
	GlobalSection(SolutionConfigurationPlatforms) = preSolution
		Debug|Any CPU = Debug|Any CPU
		Release|Any CPU = Release|Any CPU
	EndGlobalSection
	GlobalSection(ProjectConfigurationPlatforms) = postSolution
		{F866E59C-86BA-48C3-9DE1-8344DA784E67}.Debug|Any CPU.ActiveCfg = Debug|Any CPU
		{F866E59C-86BA-48C3-9DE1-8344DA784E67}.Debug|Any CPU.Build.0 = Debug|Any CPU
		{F866E59C-86BA-48C3-9DE1-8344DA784E67}.Release|Any CPU.ActiveCfg = Release|Any CPU
		{F866E59C-86BA-48C3-9DE1-8344DA784E67}.Release|Any CPU.Build.0 = Release|Any CPU
		{05118BB8-038E-4E2D-9B11-B215214B3850}.Debug|Any CPU.ActiveCfg = Debug|Any CPU
		{05118BB8-038E-4E2D-9B11-B215214B3850}.Debug|Any CPU.Build.0 = Debug|Any CPU
		{05118BB8-038E-4E2D-9B11-B215214B3850}.Release|Any CPU.ActiveCfg = Release|Any CPU
		{05118BB8-038E-4E2D-9B11-B215214B3850}.Release|Any CPU.Build.0 = Release|Any CPU
		{3B1DC4E3-46F3-4699-B2CF-98079B34E828}.Debug|Any CPU.ActiveCfg = Debug|Any CPU
		{3B1DC4E3-46F3-4699-B2CF-98079B34E828}.Debug|Any CPU.Build.0 = Debug|Any CPU
		{3B1DC4E3-46F3-4699-B2CF-98079B34E828}.Release|Any CPU.ActiveCfg = Release|Any CPU
		{3B1DC4E3-46F3-4699-B2CF-98079B34E828}.Release|Any CPU.Build.0 = Release|Any CPU
		{419E4E92-525F-404C-AECA-D5A5BAA406A5}.Debug|Any CPU.ActiveCfg = Debug|Any CPU
		{419E4E92-525F-404C-AECA-D5A5BAA406A5}.Debug|Any CPU.Build.0 = Debug|Any CPU
		{419E4E92-525F-404C-AECA-D5A5BAA406A5}.Release|Any CPU.ActiveCfg = Release|Any CPU
		{419E4E92-525F-404C-AECA-D5A5BAA406A5}.Release|Any CPU.Build.0 = Release|Any CPU
	EndGlobalSection
	GlobalSection(SolutionProperties) = preSolution
		HideSolutionNode = FALSE
	EndGlobalSection
	GlobalSection(ExtensibilityGlobals) = postSolution
		SolutionGuid = {A110D208-0914-4653-9C7C-1A9C84C7EF94}
	EndGlobalSection
EndGlobal
